
Microsoft Visual Studio Solution File, Format Version 12.00
# Visual Studio 15
VisualStudioVersion = 15.0.26124.0
MinimumVisualStudioVersion = 15.0.26124.0
Project("{2150E333-8FDC-42A3-9474-1A3956D46DE8}") = "src", "src", "{D476A359-0FAF-4EAA-84E9-92DEF7C2D2E6}"
EndProject
Project("{2150E333-8FDC-42A3-9474-1A3956D46DE8}") = "Common", "Common", "{F2950018-0E87-4BC7-A71E-EB4E92A4C7CC}"
EndProject
Project("{FAE04EC0-301F-11D3-BF4B-00C04F79EFBC}") = "FishUp.Common", "src\Common\FishUp.Common\FishUp.Common.csproj", "{392E32A8-07A4-489B-B2DB-5C2CD0BCEBF4}"
EndProject
Project("{2150E333-8FDC-42A3-9474-1A3956D46DE8}") = "Core", "Core", "{8404C2D7-8F59-4FCB-8206-3762DEF20BF2}"
EndProject
Project("{FAE04EC0-301F-11D3-BF4B-00C04F79EFBC}") = "FishUp.Core", "src\Core\FishUp.Core\FishUp.Core.csproj", "{12B1C10A-3907-4832-AFCD-1F73CD67A2EC}"
EndProject
Project("{FAE04EC0-301F-11D3-BF4B-00C04F79EFBC}") = "FishUp.Core.Tests", "src\Core\FishUp.Core.Tests\FishUp.Core.Tests.csproj", "{7756746B-87C9-424D-BF46-5495A7764438}"
EndProject
Project("{2150E333-8FDC-42A3-9474-1A3956D46DE8}") = "Domain", "Domain", "{F96C204B-D5D1-48B6-B173-7C3376184A3D}"
EndProject
Project("{FAE04EC0-301F-11D3-BF4B-00C04F79EFBC}") = "FishUp.Domain", "src\Domain\FishUp.Domain\FishUp.Domain.csproj", "{60A84C39-066E-4F99-8D49-C3211BA49A1F}"
EndProject
Project("{2150E333-8FDC-42A3-9474-1A3956D46DE8}") = "Identity", "Identity", "{D971384D-7774-4B9A-9473-1DE299352422}"
EndProject
Project("{FAE04EC0-301F-11D3-BF4B-00C04F79EFBC}") = "FishUp.Identity", "src\Identity\FishUp.Identity\FishUp.Identity.csproj", "{BA8728F3-C656-4583-A955-42D23C04CBB8}"
EndProject
Project("{FAE04EC0-301F-11D3-BF4B-00C04F79EFBC}") = "FishUp.Identity.Tests", "src\Identity\FishUp.Identity.Tests\FishUp.Identity.Tests.csproj", "{868BAF61-E445-4B7B-88F7-EDCE4611DAA7}"
EndProject
Project("{2150E333-8FDC-42A3-9474-1A3956D46DE8}") = "Web", "Web", "{52A5C04D-A2C5-494F-A23A-93CAD067D0BA}"
EndProject
Project("{FAE04EC0-301F-11D3-BF4B-00C04F79EFBC}") = "FishUp.Web.Api.Tests", "src\Web\FishUp.Web.Api.Tests\FishUp.Web.Api.Tests.csproj", "{1F118A3E-B7E0-4C87-9C94-6CC3107430F1}"
EndProject
Project("{FAE04EC0-301F-11D3-BF4B-00C04F79EFBC}") = "FishUp.Web.Api", "src\Web\FishUp.Web.Api\FishUp.Web.Api.csproj", "{5CF49603-7E9F-45CB-881C-5D83EAD3B697}"
EndProject
Global
	GlobalSection(SolutionConfigurationPlatforms) = preSolution
		Debug|Any CPU = Debug|Any CPU
		Debug|x64 = Debug|x64
		Debug|x86 = Debug|x86
		Release|Any CPU = Release|Any CPU
		Release|x64 = Release|x64
		Release|x86 = Release|x86
	EndGlobalSection
	GlobalSection(SolutionProperties) = preSolution
		HideSolutionNode = FALSE
	EndGlobalSection
	GlobalSection(ProjectConfigurationPlatforms) = postSolution
		{392E32A8-07A4-489B-B2DB-5C2CD0BCEBF4}.Debug|Any CPU.ActiveCfg = Debug|Any CPU
		{392E32A8-07A4-489B-B2DB-5C2CD0BCEBF4}.Debug|Any CPU.Build.0 = Debug|Any CPU
		{392E32A8-07A4-489B-B2DB-5C2CD0BCEBF4}.Debug|x64.ActiveCfg = Debug|Any CPU
		{392E32A8-07A4-489B-B2DB-5C2CD0BCEBF4}.Debug|x64.Build.0 = Debug|Any CPU
		{392E32A8-07A4-489B-B2DB-5C2CD0BCEBF4}.Debug|x86.ActiveCfg = Debug|Any CPU
		{392E32A8-07A4-489B-B2DB-5C2CD0BCEBF4}.Debug|x86.Build.0 = Debug|Any CPU
		{392E32A8-07A4-489B-B2DB-5C2CD0BCEBF4}.Release|Any CPU.ActiveCfg = Release|Any CPU
		{392E32A8-07A4-489B-B2DB-5C2CD0BCEBF4}.Release|Any CPU.Build.0 = Release|Any CPU
		{392E32A8-07A4-489B-B2DB-5C2CD0BCEBF4}.Release|x64.ActiveCfg = Release|Any CPU
		{392E32A8-07A4-489B-B2DB-5C2CD0BCEBF4}.Release|x64.Build.0 = Release|Any CPU
		{392E32A8-07A4-489B-B2DB-5C2CD0BCEBF4}.Release|x86.ActiveCfg = Release|Any CPU
		{392E32A8-07A4-489B-B2DB-5C2CD0BCEBF4}.Release|x86.Build.0 = Release|Any CPU
		{12B1C10A-3907-4832-AFCD-1F73CD67A2EC}.Debug|Any CPU.ActiveCfg = Debug|Any CPU
		{12B1C10A-3907-4832-AFCD-1F73CD67A2EC}.Debug|Any CPU.Build.0 = Debug|Any CPU
		{12B1C10A-3907-4832-AFCD-1F73CD67A2EC}.Debug|x64.ActiveCfg = Debug|Any CPU
		{12B1C10A-3907-4832-AFCD-1F73CD67A2EC}.Debug|x64.Build.0 = Debug|Any CPU
		{12B1C10A-3907-4832-AFCD-1F73CD67A2EC}.Debug|x86.ActiveCfg = Debug|Any CPU
		{12B1C10A-3907-4832-AFCD-1F73CD67A2EC}.Debug|x86.Build.0 = Debug|Any CPU
		{12B1C10A-3907-4832-AFCD-1F73CD67A2EC}.Release|Any CPU.ActiveCfg = Release|Any CPU
		{12B1C10A-3907-4832-AFCD-1F73CD67A2EC}.Release|Any CPU.Build.0 = Release|Any CPU
		{12B1C10A-3907-4832-AFCD-1F73CD67A2EC}.Release|x64.ActiveCfg = Release|Any CPU
		{12B1C10A-3907-4832-AFCD-1F73CD67A2EC}.Release|x64.Build.0 = Release|Any CPU
		{12B1C10A-3907-4832-AFCD-1F73CD67A2EC}.Release|x86.ActiveCfg = Release|Any CPU
		{12B1C10A-3907-4832-AFCD-1F73CD67A2EC}.Release|x86.Build.0 = Release|Any CPU
		{7756746B-87C9-424D-BF46-5495A7764438}.Debug|Any CPU.ActiveCfg = Debug|Any CPU
		{7756746B-87C9-424D-BF46-5495A7764438}.Debug|Any CPU.Build.0 = Debug|Any CPU
		{7756746B-87C9-424D-BF46-5495A7764438}.Debug|x64.ActiveCfg = Debug|Any CPU
		{7756746B-87C9-424D-BF46-5495A7764438}.Debug|x64.Build.0 = Debug|Any CPU
		{7756746B-87C9-424D-BF46-5495A7764438}.Debug|x86.ActiveCfg = Debug|Any CPU
		{7756746B-87C9-424D-BF46-5495A7764438}.Debug|x86.Build.0 = Debug|Any CPU
		{7756746B-87C9-424D-BF46-5495A7764438}.Release|Any CPU.ActiveCfg = Release|Any CPU
		{7756746B-87C9-424D-BF46-5495A7764438}.Release|Any CPU.Build.0 = Release|Any CPU
		{7756746B-87C9-424D-BF46-5495A7764438}.Release|x64.ActiveCfg = Release|Any CPU
		{7756746B-87C9-424D-BF46-5495A7764438}.Release|x64.Build.0 = Release|Any CPU
		{7756746B-87C9-424D-BF46-5495A7764438}.Release|x86.ActiveCfg = Release|Any CPU
		{7756746B-87C9-424D-BF46-5495A7764438}.Release|x86.Build.0 = Release|Any CPU
		{60A84C39-066E-4F99-8D49-C3211BA49A1F}.Debug|Any CPU.ActiveCfg = Debug|Any CPU
		{60A84C39-066E-4F99-8D49-C3211BA49A1F}.Debug|Any CPU.Build.0 = Debug|Any CPU
		{60A84C39-066E-4F99-8D49-C3211BA49A1F}.Debug|x64.ActiveCfg = Debug|Any CPU
		{60A84C39-066E-4F99-8D49-C3211BA49A1F}.Debug|x64.Build.0 = Debug|Any CPU
		{60A84C39-066E-4F99-8D49-C3211BA49A1F}.Debug|x86.ActiveCfg = Debug|Any CPU
		{60A84C39-066E-4F99-8D49-C3211BA49A1F}.Debug|x86.Build.0 = Debug|Any CPU
		{60A84C39-066E-4F99-8D49-C3211BA49A1F}.Release|Any CPU.ActiveCfg = Release|Any CPU
		{60A84C39-066E-4F99-8D49-C3211BA49A1F}.Release|Any CPU.Build.0 = Release|Any CPU
		{60A84C39-066E-4F99-8D49-C3211BA49A1F}.Release|x64.ActiveCfg = Release|Any CPU
		{60A84C39-066E-4F99-8D49-C3211BA49A1F}.Release|x64.Build.0 = Release|Any CPU
		{60A84C39-066E-4F99-8D49-C3211BA49A1F}.Release|x86.ActiveCfg = Release|Any CPU
		{60A84C39-066E-4F99-8D49-C3211BA49A1F}.Release|x86.Build.0 = Release|Any CPU
		{BA8728F3-C656-4583-A955-42D23C04CBB8}.Debug|Any CPU.ActiveCfg = Debug|Any CPU
		{BA8728F3-C656-4583-A955-42D23C04CBB8}.Debug|Any CPU.Build.0 = Debug|Any CPU
		{BA8728F3-C656-4583-A955-42D23C04CBB8}.Debug|x64.ActiveCfg = Debug|Any CPU
		{BA8728F3-C656-4583-A955-42D23C04CBB8}.Debug|x64.Build.0 = Debug|Any CPU
		{BA8728F3-C656-4583-A955-42D23C04CBB8}.Debug|x86.ActiveCfg = Debug|Any CPU
		{BA8728F3-C656-4583-A955-42D23C04CBB8}.Debug|x86.Build.0 = Debug|Any CPU
		{BA8728F3-C656-4583-A955-42D23C04CBB8}.Release|Any CPU.ActiveCfg = Release|Any CPU
		{BA8728F3-C656-4583-A955-42D23C04CBB8}.Release|Any CPU.Build.0 = Release|Any CPU
		{BA8728F3-C656-4583-A955-42D23C04CBB8}.Release|x64.ActiveCfg = Release|Any CPU
		{BA8728F3-C656-4583-A955-42D23C04CBB8}.Release|x64.Build.0 = Release|Any CPU
		{BA8728F3-C656-4583-A955-42D23C04CBB8}.Release|x86.ActiveCfg = Release|Any CPU
		{BA8728F3-C656-4583-A955-42D23C04CBB8}.Release|x86.Build.0 = Release|Any CPU
		{868BAF61-E445-4B7B-88F7-EDCE4611DAA7}.Debug|Any CPU.ActiveCfg = Debug|Any CPU
		{868BAF61-E445-4B7B-88F7-EDCE4611DAA7}.Debug|Any CPU.Build.0 = Debug|Any CPU
		{868BAF61-E445-4B7B-88F7-EDCE4611DAA7}.Debug|x64.ActiveCfg = Debug|Any CPU
		{868BAF61-E445-4B7B-88F7-EDCE4611DAA7}.Debug|x64.Build.0 = Debug|Any CPU
		{868BAF61-E445-4B7B-88F7-EDCE4611DAA7}.Debug|x86.ActiveCfg = Debug|Any CPU
		{868BAF61-E445-4B7B-88F7-EDCE4611DAA7}.Debug|x86.Build.0 = Debug|Any CPU
		{868BAF61-E445-4B7B-88F7-EDCE4611DAA7}.Release|Any CPU.ActiveCfg = Release|Any CPU
		{868BAF61-E445-4B7B-88F7-EDCE4611DAA7}.Release|Any CPU.Build.0 = Release|Any CPU
		{868BAF61-E445-4B7B-88F7-EDCE4611DAA7}.Release|x64.ActiveCfg = Release|Any CPU
		{868BAF61-E445-4B7B-88F7-EDCE4611DAA7}.Release|x64.Build.0 = Release|Any CPU
		{868BAF61-E445-4B7B-88F7-EDCE4611DAA7}.Release|x86.ActiveCfg = Release|Any CPU
		{868BAF61-E445-4B7B-88F7-EDCE4611DAA7}.Release|x86.Build.0 = Release|Any CPU
		{1F118A3E-B7E0-4C87-9C94-6CC3107430F1}.Debug|Any CPU.ActiveCfg = Debug|Any CPU
		{1F118A3E-B7E0-4C87-9C94-6CC3107430F1}.Debug|Any CPU.Build.0 = Debug|Any CPU
		{1F118A3E-B7E0-4C87-9C94-6CC3107430F1}.Debug|x64.ActiveCfg = Debug|Any CPU
		{1F118A3E-B7E0-4C87-9C94-6CC3107430F1}.Debug|x64.Build.0 = Debug|Any CPU
		{1F118A3E-B7E0-4C87-9C94-6CC3107430F1}.Debug|x86.ActiveCfg = Debug|Any CPU
		{1F118A3E-B7E0-4C87-9C94-6CC3107430F1}.Debug|x86.Build.0 = Debug|Any CPU
		{1F118A3E-B7E0-4C87-9C94-6CC3107430F1}.Release|Any CPU.ActiveCfg = Release|Any CPU
		{1F118A3E-B7E0-4C87-9C94-6CC3107430F1}.Release|Any CPU.Build.0 = Release|Any CPU
		{1F118A3E-B7E0-4C87-9C94-6CC3107430F1}.Release|x64.ActiveCfg = Release|Any CPU
		{1F118A3E-B7E0-4C87-9C94-6CC3107430F1}.Release|x64.Build.0 = Release|Any CPU
		{1F118A3E-B7E0-4C87-9C94-6CC3107430F1}.Release|x86.ActiveCfg = Release|Any CPU
		{1F118A3E-B7E0-4C87-9C94-6CC3107430F1}.Release|x86.Build.0 = Release|Any CPU
		{5CF49603-7E9F-45CB-881C-5D83EAD3B697}.Debug|Any CPU.ActiveCfg = Debug|Any CPU
		{5CF49603-7E9F-45CB-881C-5D83EAD3B697}.Debug|Any CPU.Build.0 = Debug|Any CPU
		{5CF49603-7E9F-45CB-881C-5D83EAD3B697}.Debug|x64.ActiveCfg = Debug|Any CPU
		{5CF49603-7E9F-45CB-881C-5D83EAD3B697}.Debug|x64.Build.0 = Debug|Any CPU
		{5CF49603-7E9F-45CB-881C-5D83EAD3B697}.Debug|x86.ActiveCfg = Debug|Any CPU
		{5CF49603-7E9F-45CB-881C-5D83EAD3B697}.Debug|x86.Build.0 = Debug|Any CPU
		{5CF49603-7E9F-45CB-881C-5D83EAD3B697}.Release|Any CPU.ActiveCfg = Release|Any CPU
		{5CF49603-7E9F-45CB-881C-5D83EAD3B697}.Release|Any CPU.Build.0 = Release|Any CPU
		{5CF49603-7E9F-45CB-881C-5D83EAD3B697}.Release|x64.ActiveCfg = Release|Any CPU
		{5CF49603-7E9F-45CB-881C-5D83EAD3B697}.Release|x64.Build.0 = Release|Any CPU
		{5CF49603-7E9F-45CB-881C-5D83EAD3B697}.Release|x86.ActiveCfg = Release|Any CPU
		{5CF49603-7E9F-45CB-881C-5D83EAD3B697}.Release|x86.Build.0 = Release|Any CPU
	EndGlobalSection
	GlobalSection(NestedProjects) = preSolution
		{F2950018-0E87-4BC7-A71E-EB4E92A4C7CC} = {D476A359-0FAF-4EAA-84E9-92DEF7C2D2E6}
		{392E32A8-07A4-489B-B2DB-5C2CD0BCEBF4} = {F2950018-0E87-4BC7-A71E-EB4E92A4C7CC}
		{8404C2D7-8F59-4FCB-8206-3762DEF20BF2} = {D476A359-0FAF-4EAA-84E9-92DEF7C2D2E6}
		{12B1C10A-3907-4832-AFCD-1F73CD67A2EC} = {8404C2D7-8F59-4FCB-8206-3762DEF20BF2}
		{7756746B-87C9-424D-BF46-5495A7764438} = {8404C2D7-8F59-4FCB-8206-3762DEF20BF2}
		{F96C204B-D5D1-48B6-B173-7C3376184A3D} = {D476A359-0FAF-4EAA-84E9-92DEF7C2D2E6}
		{60A84C39-066E-4F99-8D49-C3211BA49A1F} = {F96C204B-D5D1-48B6-B173-7C3376184A3D}
		{D971384D-7774-4B9A-9473-1DE299352422} = {D476A359-0FAF-4EAA-84E9-92DEF7C2D2E6}
		{BA8728F3-C656-4583-A955-42D23C04CBB8} = {D971384D-7774-4B9A-9473-1DE299352422}
		{868BAF61-E445-4B7B-88F7-EDCE4611DAA7} = {D971384D-7774-4B9A-9473-1DE299352422}
		{52A5C04D-A2C5-494F-A23A-93CAD067D0BA} = {D476A359-0FAF-4EAA-84E9-92DEF7C2D2E6}
		{1F118A3E-B7E0-4C87-9C94-6CC3107430F1} = {52A5C04D-A2C5-494F-A23A-93CAD067D0BA}
		{5CF49603-7E9F-45CB-881C-5D83EAD3B697} = {52A5C04D-A2C5-494F-A23A-93CAD067D0BA}
	EndGlobalSection
EndGlobal
